
Microsoft Visual Studio Solution File, Format Version 12.00
# Visual Studio 2013
VisualStudioVersion = 12.0.31101.0
MinimumVisualStudioVersion = 10.0.40219.1
Project("{8BC9CEB8-8B4A-11D0-8D11-00A0C91BC942}") = "Utils", "Utils\Utils.vcxproj", "{E8BD4D03-74FA-43EC-B39F-75215A2A3544}"
EndProject
Project("{8BC9CEB8-8B4A-11D0-8D11-00A0C91BC942}") = "Homework_01", "Homework_01\Homework_01.vcxproj", "{D201A6A8-0F14-4502-B572-AFD1C3007BD2}"
EndProject
Project("{8BC9CEB8-8B4A-11D0-8D11-00A0C91BC942}") = "Homework_02", "Homework_02\Homework_02.vcxproj", "{2C4F7028-C7EF-4C44-85A9-3D5100D117E0}"
EndProject
Project("{8BC9CEB8-8B4A-11D0-8D11-00A0C91BC942}") = "Homework_03", "Homework_03\Homework_03.vcxproj", "{A65C227F-7F16-4644-B72A-0961F4474DF7}"
EndProject
Project("{8BC9CEB8-8B4A-11D0-8D11-00A0C91BC942}") = "Homework_04", "Homework_04\Homework_04.vcxproj", "{F9BEF839-D6EA-450A-9A08-4A6F65DDEBEB}"
EndProject
Project("{8BC9CEB8-8B4A-11D0-8D11-00A0C91BC942}") = "Homework_05", "Homework_05\Homework_05.vcxproj", "{ED041AB0-12AE-412B-9B6B-A45AE3E95EFB}"
EndProject
Project("{8BC9CEB8-8B4A-11D0-8D11-00A0C91BC942}") = "Homework_06", "Homework_06\Homework_06.vcxproj", "{35925F54-72B8-4B3C-A41C-58D2B158EB3E}"
EndProject
Project("{8BC9CEB8-8B4A-11D0-8D11-00A0C91BC942}") = "Homework_07", "Homework_07\Homework_07.vcxproj", "{4F3CCAD8-FA29-4ACE-93C4-B07A0D9B72EA}"
EndProject
Project("{8BC9CEB8-8B4A-11D0-8D11-00A0C91BC942}") = "Homework_08", "Homework_08\Homework_08.vcxproj", "{04CE7F99-8943-447E-B5EE-600BBB342147}"
EndProject
Project("{8BC9CEB8-8B4A-11D0-8D11-00A0C91BC942}") = "Homework_09", "Homework_09\Homework_09.vcxproj", "{D65BE35F-7B52-46D7-BB80-73391E710C54}"
EndProject
Project("{8BC9CEB8-8B4A-11D0-8D11-00A0C91BC942}") = "Homework_10", "Homework_10\Homework_10.vcxproj", "{90D79EF5-F8AF-4CE4-BE49-501D215424AB}"
EndProject
Global
	GlobalSection(SolutionConfigurationPlatforms) = preSolution
		Debug|Win32 = Debug|Win32
		Release|Win32 = Release|Win32
	EndGlobalSection
	GlobalSection(ProjectConfigurationPlatforms) = postSolution
		{E8BD4D03-74FA-43EC-B39F-75215A2A3544}.Debug|Win32.ActiveCfg = Debug|Win32
		{E8BD4D03-74FA-43EC-B39F-75215A2A3544}.Debug|Win32.Build.0 = Debug|Win32
		{E8BD4D03-74FA-43EC-B39F-75215A2A3544}.Release|Win32.ActiveCfg = Release|Win32
		{E8BD4D03-74FA-43EC-B39F-75215A2A3544}.Release|Win32.Build.0 = Release|Win32
		{D201A6A8-0F14-4502-B572-AFD1C3007BD2}.Debug|Win32.ActiveCfg = Debug|Win32
		{D201A6A8-0F14-4502-B572-AFD1C3007BD2}.Debug|Win32.Build.0 = Debug|Win32
		{D201A6A8-0F14-4502-B572-AFD1C3007BD2}.Release|Win32.ActiveCfg = Release|Win32
		{D201A6A8-0F14-4502-B572-AFD1C3007BD2}.Release|Win32.Build.0 = Release|Win32
		{2C4F7028-C7EF-4C44-85A9-3D5100D117E0}.Debug|Win32.ActiveCfg = Debug|Win32
		{2C4F7028-C7EF-4C44-85A9-3D5100D117E0}.Debug|Win32.Build.0 = Debug|Win32
		{2C4F7028-C7EF-4C44-85A9-3D5100D117E0}.Release|Win32.ActiveCfg = Release|Win32
		{2C4F7028-C7EF-4C44-85A9-3D5100D117E0}.Release|Win32.Build.0 = Release|Win32
		{A65C227F-7F16-4644-B72A-0961F4474DF7}.Debug|Win32.ActiveCfg = Debug|Win32
		{A65C227F-7F16-4644-B72A-0961F4474DF7}.Debug|Win32.Build.0 = Debug|Win32
		{A65C227F-7F16-4644-B72A-0961F4474DF7}.Release|Win32.ActiveCfg = Release|Win32
		{A65C227F-7F16-4644-B72A-0961F4474DF7}.Release|Win32.Build.0 = Release|Win32
		{F9BEF839-D6EA-450A-9A08-4A6F65DDEBEB}.Debug|Win32.ActiveCfg = Debug|Win32
		{F9BEF839-D6EA-450A-9A08-4A6F65DDEBEB}.Debug|Win32.Build.0 = Debug|Win32
		{F9BEF839-D6EA-450A-9A08-4A6F65DDEBEB}.Release|Win32.ActiveCfg = Release|Win32
		{F9BEF839-D6EA-450A-9A08-4A6F65DDEBEB}.Release|Win32.Build.0 = Release|Win32
		{ED041AB0-12AE-412B-9B6B-A45AE3E95EFB}.Debug|Win32.ActiveCfg = Debug|Win32
		{ED041AB0-12AE-412B-9B6B-A45AE3E95EFB}.Debug|Win32.Build.0 = Debug|Win32
		{ED041AB0-12AE-412B-9B6B-A45AE3E95EFB}.Release|Win32.ActiveCfg = Release|Win32
		{ED041AB0-12AE-412B-9B6B-A45AE3E95EFB}.Release|Win32.Build.0 = Release|Win32
		{35925F54-72B8-4B3C-A41C-58D2B158EB3E}.Debug|Win32.ActiveCfg = Debug|Win32
		{35925F54-72B8-4B3C-A41C-58D2B158EB3E}.Debug|Win32.Build.0 = Debug|Win32
		{35925F54-72B8-4B3C-A41C-58D2B158EB3E}.Release|Win32.ActiveCfg = Release|Win32
		{35925F54-72B8-4B3C-A41C-58D2B158EB3E}.Release|Win32.Build.0 = Release|Win32
		{4F3CCAD8-FA29-4ACE-93C4-B07A0D9B72EA}.Debug|Win32.ActiveCfg = Debug|Win32
		{4F3CCAD8-FA29-4ACE-93C4-B07A0D9B72EA}.Debug|Win32.Build.0 = Debug|Win32
		{4F3CCAD8-FA29-4ACE-93C4-B07A0D9B72EA}.Release|Win32.ActiveCfg = Release|Win32
		{4F3CCAD8-FA29-4ACE-93C4-B07A0D9B72EA}.Release|Win32.Build.0 = Release|Win32
		{04CE7F99-8943-447E-B5EE-600BBB342147}.Debug|Win32.ActiveCfg = Debug|Win32
		{04CE7F99-8943-447E-B5EE-600BBB342147}.Debug|Win32.Build.0 = Debug|Win32
		{04CE7F99-8943-447E-B5EE-600BBB342147}.Release|Win32.ActiveCfg = Release|Win32
		{04CE7F99-8943-447E-B5EE-600BBB342147}.Release|Win32.Build.0 = Release|Win32
		{D65BE35F-7B52-46D7-BB80-73391E710C54}.Debug|Win32.ActiveCfg = Debug|Win32
		{D65BE35F-7B52-46D7-BB80-73391E710C54}.Debug|Win32.Build.0 = Debug|Win32
		{D65BE35F-7B52-46D7-BB80-73391E710C54}.Release|Win32.ActiveCfg = Release|Win32
		{D65BE35F-7B52-46D7-BB80-73391E710C54}.Release|Win32.Build.0 = Release|Win32
		{90D79EF5-F8AF-4CE4-BE49-501D215424AB}.Debug|Win32.ActiveCfg = Debug|Win32
		{90D79EF5-F8AF-4CE4-BE49-501D215424AB}.Debug|Win32.Build.0 = Debug|Win32
		{90D79EF5-F8AF-4CE4-BE49-501D215424AB}.Release|Win32.ActiveCfg = Release|Win32
		{90D79EF5-F8AF-4CE4-BE49-501D215424AB}.Release|Win32.Build.0 = Release|Win32
	EndGlobalSection
	GlobalSection(SolutionProperties) = preSolution
		HideSolutionNode = FALSE
	EndGlobalSection
EndGlobal
